// !$*UTF8*$!
{
	archiveVersion = 1;
	classes = {
	};
	objectVersion = 50;
	objects = {

/* Begin PBXBuildFile section */
		32F1D9982290788100DEBDF7 /* AppDelegate.swift in Sources */ = {isa = PBXBuildFile; fileRef = 32F1D9972290788100DEBDF7 /* AppDelegate.swift */; };
		32F1D99F2290788200DEBDF7 /* Assets.xcassets in Resources */ = {isa = PBXBuildFile; fileRef = 32F1D99E2290788200DEBDF7 /* Assets.xcassets */; };
		32F1D9A22290788200DEBDF7 /* LaunchScreen.storyboard in Resources */ = {isa = PBXBuildFile; fileRef = 32F1D9A02290788200DEBDF7 /* LaunchScreen.storyboard */; };
		32F1D9AD2290788200DEBDF7 /* TopAlbumsTests.swift in Sources */ = {isa = PBXBuildFile; fileRef = 32F1D9AC2290788200DEBDF7 /* TopAlbumsTests.swift */; };
		32F1D9B82290788200DEBDF7 /* TopAlbumsUITests.swift in Sources */ = {isa = PBXBuildFile; fileRef = 32F1D9B72290788200DEBDF7 /* TopAlbumsUITests.swift */; };
		32F1D9C62290799200DEBDF7 /* top100albums.json in Resources */ = {isa = PBXBuildFile; fileRef = 32F1D9C52290799200DEBDF7 /* top100albums.json */; };
		32F1D9C72290799200DEBDF7 /* top100albums.json in Resources */ = {isa = PBXBuildFile; fileRef = 32F1D9C52290799200DEBDF7 /* top100albums.json */; };
		32F1D9CB22907BA200DEBDF7 /* Genre.swift in Sources */ = {isa = PBXBuildFile; fileRef = 32F1D9C922907BA200DEBDF7 /* Genre.swift */; };
		32F1D9CD22907BA200DEBDF7 /* Album.swift in Sources */ = {isa = PBXBuildFile; fileRef = 32F1D9CA22907BA200DEBDF7 /* Album.swift */; };
		32F1D9D0229081C400DEBDF7 /* Album.swift in Sources */ = {isa = PBXBuildFile; fileRef = 32F1D9CA22907BA200DEBDF7 /* Album.swift */; };
		32F1D9D1229081C500DEBDF7 /* Album.swift in Sources */ = {isa = PBXBuildFile; fileRef = 32F1D9CA22907BA200DEBDF7 /* Album.swift */; };
		32F1D9D2229081C700DEBDF7 /* Genre.swift in Sources */ = {isa = PBXBuildFile; fileRef = 32F1D9C922907BA200DEBDF7 /* Genre.swift */; };
		32F1D9D3229081C900DEBDF7 /* Genre.swift in Sources */ = {isa = PBXBuildFile; fileRef = 32F1D9C922907BA200DEBDF7 /* Genre.swift */; };
		32F1D9D92290828000DEBDF7 /* Author.swift in Sources */ = {isa = PBXBuildFile; fileRef = 32F1D9D42290827F00DEBDF7 /* Author.swift */; };
		32F1D9DA2290828000DEBDF7 /* Author.swift in Sources */ = {isa = PBXBuildFile; fileRef = 32F1D9D42290827F00DEBDF7 /* Author.swift */; };
		32F1D9DB2290828000DEBDF7 /* Link.swift in Sources */ = {isa = PBXBuildFile; fileRef = 32F1D9D52290828000DEBDF7 /* Link.swift */; };
		32F1D9DC2290828000DEBDF7 /* Link.swift in Sources */ = {isa = PBXBuildFile; fileRef = 32F1D9D52290828000DEBDF7 /* Link.swift */; };
		32F1D9DD2290828000DEBDF7 /* Feed.swift in Sources */ = {isa = PBXBuildFile; fileRef = 32F1D9D62290828000DEBDF7 /* Feed.swift */; };
		32F1D9DE2290828000DEBDF7 /* Feed.swift in Sources */ = {isa = PBXBuildFile; fileRef = 32F1D9D62290828000DEBDF7 /* Feed.swift */; };
		32F1D9E42290950D00DEBDF7 /* UIStoryboard+Extension.swift in Sources */ = {isa = PBXBuildFile; fileRef = 32F1D9E32290950D00DEBDF7 /* UIStoryboard+Extension.swift */; };
		32F1D9E52290950D00DEBDF7 /* UIStoryboard+Extension.swift in Sources */ = {isa = PBXBuildFile; fileRef = 32F1D9E32290950D00DEBDF7 /* UIStoryboard+Extension.swift */; };
		32F1D9E8229095E800DEBDF7 /* AlbumListStoryboard.storyboard in Resources */ = {isa = PBXBuildFile; fileRef = 32F1D9E6229095E800DEBDF7 /* AlbumListStoryboard.storyboard */; };
		32F1D9E9229095E800DEBDF7 /* AlbumListStoryboard.storyboard in Resources */ = {isa = PBXBuildFile; fileRef = 32F1D9E6229095E800DEBDF7 /* AlbumListStoryboard.storyboard */; };
		32F1D9EF229096EF00DEBDF7 /* AlbumListTableViewController.swift in Sources */ = {isa = PBXBuildFile; fileRef = 32F1D9EE229096EF00DEBDF7 /* AlbumListTableViewController.swift */; };
		32F1D9F0229096EF00DEBDF7 /* AlbumListTableViewController.swift in Sources */ = {isa = PBXBuildFile; fileRef = 32F1D9EE229096EF00DEBDF7 /* AlbumListTableViewController.swift */; };
		32F1D9F222909B0D00DEBDF7 /* AlbumsViewModel.swift in Sources */ = {isa = PBXBuildFile; fileRef = 32F1D9F122909B0D00DEBDF7 /* AlbumsViewModel.swift */; };
		32F1D9F522909F9800DEBDF7 /* AlbumTableViewCell.swift in Sources */ = {isa = PBXBuildFile; fileRef = 32F1D9F322909F9800DEBDF7 /* AlbumTableViewCell.swift */; };
		32F1D9F622909F9800DEBDF7 /* AlbumTableViewCell.xib in Resources */ = {isa = PBXBuildFile; fileRef = 32F1D9F422909F9800DEBDF7 /* AlbumTableViewCell.xib */; };
/* End PBXBuildFile section */

/* Begin PBXContainerItemProxy section */
		32F1D9A92290788200DEBDF7 /* PBXContainerItemProxy */ = {
			isa = PBXContainerItemProxy;
			containerPortal = 32F1D98C2290788100DEBDF7 /* Project object */;
			proxyType = 1;
			remoteGlobalIDString = 32F1D9932290788100DEBDF7;
			remoteInfo = TopAlbums;
		};
		32F1D9B42290788200DEBDF7 /* PBXContainerItemProxy */ = {
			isa = PBXContainerItemProxy;
			containerPortal = 32F1D98C2290788100DEBDF7 /* Project object */;
			proxyType = 1;
			remoteGlobalIDString = 32F1D9932290788100DEBDF7;
			remoteInfo = TopAlbums;
		};
/* End PBXContainerItemProxy section */

/* Begin PBXFileReference section */
		32F1D9942290788100DEBDF7 /* TopAlbums.app */ = {isa = PBXFileReference; explicitFileType = wrapper.application; includeInIndex = 0; path = TopAlbums.app; sourceTree = BUILT_PRODUCTS_DIR; };
		32F1D9972290788100DEBDF7 /* AppDelegate.swift */ = {isa = PBXFileReference; lastKnownFileType = sourcecode.swift; path = AppDelegate.swift; sourceTree = "<group>"; };
		32F1D99E2290788200DEBDF7 /* Assets.xcassets */ = {isa = PBXFileReference; lastKnownFileType = folder.assetcatalog; path = Assets.xcassets; sourceTree = "<group>"; };
		32F1D9A12290788200DEBDF7 /* Base */ = {isa = PBXFileReference; lastKnownFileType = file.storyboard; name = Base; path = Base.lproj/LaunchScreen.storyboard; sourceTree = "<group>"; };
		32F1D9A32290788200DEBDF7 /* Info.plist */ = {isa = PBXFileReference; lastKnownFileType = text.plist.xml; path = Info.plist; sourceTree = "<group>"; };
		32F1D9A82290788200DEBDF7 /* TopAlbumsTests.xctest */ = {isa = PBXFileReference; explicitFileType = wrapper.cfbundle; includeInIndex = 0; path = TopAlbumsTests.xctest; sourceTree = BUILT_PRODUCTS_DIR; };
		32F1D9AC2290788200DEBDF7 /* TopAlbumsTests.swift */ = {isa = PBXFileReference; lastKnownFileType = sourcecode.swift; path = TopAlbumsTests.swift; sourceTree = "<group>"; };
		32F1D9AE2290788200DEBDF7 /* Info.plist */ = {isa = PBXFileReference; lastKnownFileType = text.plist.xml; path = Info.plist; sourceTree = "<group>"; };
		32F1D9B32290788200DEBDF7 /* TopAlbumsUITests.xctest */ = {isa = PBXFileReference; explicitFileType = wrapper.cfbundle; includeInIndex = 0; path = TopAlbumsUITests.xctest; sourceTree = BUILT_PRODUCTS_DIR; };
		32F1D9B72290788200DEBDF7 /* TopAlbumsUITests.swift */ = {isa = PBXFileReference; lastKnownFileType = sourcecode.swift; path = TopAlbumsUITests.swift; sourceTree = "<group>"; };
		32F1D9B92290788200DEBDF7 /* Info.plist */ = {isa = PBXFileReference; lastKnownFileType = text.plist.xml; path = Info.plist; sourceTree = "<group>"; };
		32F1D9C52290799200DEBDF7 /* top100albums.json */ = {isa = PBXFileReference; lastKnownFileType = text.json; path = top100albums.json; sourceTree = "<group>"; };
		32F1D9C922907BA200DEBDF7 /* Genre.swift */ = {isa = PBXFileReference; fileEncoding = 4; lastKnownFileType = sourcecode.swift; path = Genre.swift; sourceTree = "<group>"; };
		32F1D9CA22907BA200DEBDF7 /* Album.swift */ = {isa = PBXFileReference; fileEncoding = 4; lastKnownFileType = sourcecode.swift; path = Album.swift; sourceTree = "<group>"; };
		32F1D9D42290827F00DEBDF7 /* Author.swift */ = {isa = PBXFileReference; fileEncoding = 4; lastKnownFileType = sourcecode.swift; path = Author.swift; sourceTree = "<group>"; };
		32F1D9D52290828000DEBDF7 /* Link.swift */ = {isa = PBXFileReference; fileEncoding = 4; lastKnownFileType = sourcecode.swift; path = Link.swift; sourceTree = "<group>"; };
		32F1D9D62290828000DEBDF7 /* Feed.swift */ = {isa = PBXFileReference; fileEncoding = 4; lastKnownFileType = sourcecode.swift; path = Feed.swift; sourceTree = "<group>"; };
		32F1D9E32290950D00DEBDF7 /* UIStoryboard+Extension.swift */ = {isa = PBXFileReference; lastKnownFileType = sourcecode.swift; path = "UIStoryboard+Extension.swift"; sourceTree = "<group>"; };
		32F1D9E7229095E800DEBDF7 /* Base */ = {isa = PBXFileReference; lastKnownFileType = file.storyboard; name = Base; path = Base.lproj/AlbumListStoryboard.storyboard; sourceTree = "<group>"; };
		32F1D9EE229096EF00DEBDF7 /* AlbumListTableViewController.swift */ = {isa = PBXFileReference; lastKnownFileType = sourcecode.swift; path = AlbumListTableViewController.swift; sourceTree = "<group>"; };
		32F1D9F122909B0D00DEBDF7 /* AlbumsViewModel.swift */ = {isa = PBXFileReference; lastKnownFileType = sourcecode.swift; path = AlbumsViewModel.swift; sourceTree = "<group>"; };
		32F1D9F322909F9800DEBDF7 /* AlbumTableViewCell.swift */ = {isa = PBXFileReference; lastKnownFileType = sourcecode.swift; path = AlbumTableViewCell.swift; sourceTree = "<group>"; };
		32F1D9F422909F9800DEBDF7 /* AlbumTableViewCell.xib */ = {isa = PBXFileReference; lastKnownFileType = file.xib; path = AlbumTableViewCell.xib; sourceTree = "<group>"; };
/* End PBXFileReference section */

/* Begin PBXFrameworksBuildPhase section */
		32F1D9912290788100DEBDF7 /* Frameworks */ = {
			isa = PBXFrameworksBuildPhase;
			buildActionMask = 2147483647;
			files = (
			);
			runOnlyForDeploymentPostprocessing = 0;
		};
		32F1D9A52290788200DEBDF7 /* Frameworks */ = {
			isa = PBXFrameworksBuildPhase;
			buildActionMask = 2147483647;
			files = (
			);
			runOnlyForDeploymentPostprocessing = 0;
		};
		32F1D9B02290788200DEBDF7 /* Frameworks */ = {
			isa = PBXFrameworksBuildPhase;
			buildActionMask = 2147483647;
			files = (
			);
			runOnlyForDeploymentPostprocessing = 0;
		};
/* End PBXFrameworksBuildPhase section */

/* Begin PBXGroup section */
		32F1D98B2290788100DEBDF7 = {
			isa = PBXGroup;
			children = (
				32F1D9C82290799D00DEBDF7 /* Resources */,
				32F1D9962290788100DEBDF7 /* TopAlbums */,
				32F1D9AB2290788200DEBDF7 /* TopAlbumsTests */,
				32F1D9B62290788200DEBDF7 /* TopAlbumsUITests */,
				32F1D9952290788100DEBDF7 /* Products */,
			);
			sourceTree = "<group>";
		};
		32F1D9952290788100DEBDF7 /* Products */ = {
			isa = PBXGroup;
			children = (
				32F1D9942290788100DEBDF7 /* TopAlbums.app */,
				32F1D9A82290788200DEBDF7 /* TopAlbumsTests.xctest */,
				32F1D9B32290788200DEBDF7 /* TopAlbumsUITests.xctest */,
			);
			name = Products;
			sourceTree = "<group>";
		};
		32F1D9962290788100DEBDF7 /* TopAlbums */ = {
			isa = PBXGroup;
			children = (
				32F1D9CF22907BA700DEBDF7 /* Model */,
				32F1D9972290788100DEBDF7 /* AppDelegate.swift */,
				32F1D99E2290788200DEBDF7 /* Assets.xcassets */,
				32F1D9A02290788200DEBDF7 /* LaunchScreen.storyboard */,
				32F1D9A32290788200DEBDF7 /* Info.plist */,
				32F1D9E6229095E800DEBDF7 /* AlbumListStoryboard.storyboard */,
				32F1D9EE229096EF00DEBDF7 /* AlbumListTableViewController.swift */,
				32F1D9F722909F9C00DEBDF7 /* UITableViewCells */,
				32F1D9F122909B0D00DEBDF7 /* AlbumsViewModel.swift */,
				32F1D9ED2290969F00DEBDF7 /* Extension */,
			);
			path = TopAlbums;
			sourceTree = "<group>";
		};
		32F1D9AB2290788200DEBDF7 /* TopAlbumsTests */ = {
			isa = PBXGroup;
			children = (
				32F1D9AC2290788200DEBDF7 /* TopAlbumsTests.swift */,
				32F1D9AE2290788200DEBDF7 /* Info.plist */,
			);
			path = TopAlbumsTests;
			sourceTree = "<group>";
		};
		32F1D9B62290788200DEBDF7 /* TopAlbumsUITests */ = {
			isa = PBXGroup;
			children = (
				32F1D9B72290788200DEBDF7 /* TopAlbumsUITests.swift */,
				32F1D9B92290788200DEBDF7 /* Info.plist */,
			);
			path = TopAlbumsUITests;
			sourceTree = "<group>";
		};
		32F1D9C82290799D00DEBDF7 /* Resources */ = {
			isa = PBXGroup;
			children = (
				32F1D9C52290799200DEBDF7 /* top100albums.json */,
			);
			path = Resources;
			sourceTree = "<group>";
		};
		32F1D9CF22907BA700DEBDF7 /* Model */ = {
			isa = PBXGroup;
			children = (
				32F1D9CA22907BA200DEBDF7 /* Album.swift */,
				32F1D9D42290827F00DEBDF7 /* Author.swift */,
				32F1D9C922907BA200DEBDF7 /* Genre.swift */,
				32F1D9D52290828000DEBDF7 /* Link.swift */,
				32F1D9D62290828000DEBDF7 /* Feed.swift */,
			);
			path = Model;
			sourceTree = "<group>";
		};
		32F1D9ED2290969F00DEBDF7 /* Extension */ = {
			isa = PBXGroup;
			children = (
				32F1D9E32290950D00DEBDF7 /* UIStoryboard+Extension.swift */,
			);
			path = Extension;
			sourceTree = "<group>";
		};
		32F1D9F722909F9C00DEBDF7 /* UITableViewCells */ = {
			isa = PBXGroup;
			children = (
				32F1D9F322909F9800DEBDF7 /* AlbumTableViewCell.swift */,
				32F1D9F422909F9800DEBDF7 /* AlbumTableViewCell.xib */,
			);
			path = UITableViewCells;
			sourceTree = "<group>";
		};
/* End PBXGroup section */

/* Begin PBXNativeTarget section */
		32F1D9932290788100DEBDF7 /* TopAlbums */ = {
			isa = PBXNativeTarget;
			buildConfigurationList = 32F1D9BC2290788200DEBDF7 /* Build configuration list for PBXNativeTarget "TopAlbums" */;
			buildPhases = (
				32F1D9902290788100DEBDF7 /* Sources */,
				32F1D9912290788100DEBDF7 /* Frameworks */,
				32F1D9922290788100DEBDF7 /* Resources */,
			);
			buildRules = (
			);
			dependencies = (
			);
			name = TopAlbums;
			productName = TopAlbums;
			productReference = 32F1D9942290788100DEBDF7 /* TopAlbums.app */;
			productType = "com.apple.product-type.application";
		};
		32F1D9A72290788200DEBDF7 /* TopAlbumsTests */ = {
			isa = PBXNativeTarget;
			buildConfigurationList = 32F1D9BF2290788200DEBDF7 /* Build configuration list for PBXNativeTarget "TopAlbumsTests" */;
			buildPhases = (
				32F1D9A42290788200DEBDF7 /* Sources */,
				32F1D9A52290788200DEBDF7 /* Frameworks */,
				32F1D9A62290788200DEBDF7 /* Resources */,
			);
			buildRules = (
			);
			dependencies = (
				32F1D9AA2290788200DEBDF7 /* PBXTargetDependency */,
			);
			name = TopAlbumsTests;
			productName = TopAlbumsTests;
			productReference = 32F1D9A82290788200DEBDF7 /* TopAlbumsTests.xctest */;
			productType = "com.apple.product-type.bundle.unit-test";
		};
		32F1D9B22290788200DEBDF7 /* TopAlbumsUITests */ = {
			isa = PBXNativeTarget;
			buildConfigurationList = 32F1D9C22290788200DEBDF7 /* Build configuration list for PBXNativeTarget "TopAlbumsUITests" */;
			buildPhases = (
				32F1D9AF2290788200DEBDF7 /* Sources */,
				32F1D9B02290788200DEBDF7 /* Frameworks */,
				32F1D9B12290788200DEBDF7 /* Resources */,
			);
			buildRules = (
			);
			dependencies = (
				32F1D9B52290788200DEBDF7 /* PBXTargetDependency */,
			);
			name = TopAlbumsUITests;
			productName = TopAlbumsUITests;
			productReference = 32F1D9B32290788200DEBDF7 /* TopAlbumsUITests.xctest */;
			productType = "com.apple.product-type.bundle.ui-testing";
		};
/* End PBXNativeTarget section */

/* Begin PBXProject section */
		32F1D98C2290788100DEBDF7 /* Project object */ = {
			isa = PBXProject;
			attributes = {
				LastSwiftUpdateCheck = 1020;
				LastUpgradeCheck = 1020;
				ORGANIZATIONNAME = "Ryan Moniz";
				TargetAttributes = {
					32F1D9932290788100DEBDF7 = {
						CreatedOnToolsVersion = 10.2.1;
					};
					32F1D9A72290788200DEBDF7 = {
						CreatedOnToolsVersion = 10.2.1;
						TestTargetID = 32F1D9932290788100DEBDF7;
					};
					32F1D9B22290788200DEBDF7 = {
						CreatedOnToolsVersion = 10.2.1;
						TestTargetID = 32F1D9932290788100DEBDF7;
					};
				};
			};
			buildConfigurationList = 32F1D98F2290788100DEBDF7 /* Build configuration list for PBXProject "TopAlbums" */;
			compatibilityVersion = "Xcode 9.3";
			developmentRegion = en;
			hasScannedForEncodings = 0;
			knownRegions = (
				en,
				Base,
			);
			mainGroup = 32F1D98B2290788100DEBDF7;
			productRefGroup = 32F1D9952290788100DEBDF7 /* Products */;
			projectDirPath = "";
			projectRoot = "";
			targets = (
				32F1D9932290788100DEBDF7 /* TopAlbums */,
				32F1D9A72290788200DEBDF7 /* TopAlbumsTests */,
				32F1D9B22290788200DEBDF7 /* TopAlbumsUITests */,
			);
		};
/* End PBXProject section */

/* Begin PBXResourcesBuildPhase section */
		32F1D9922290788100DEBDF7 /* Resources */ = {
			isa = PBXResourcesBuildPhase;
			buildActionMask = 2147483647;
			files = (
				32F1D9E8229095E800DEBDF7 /* AlbumListStoryboard.storyboard in Resources */,
				32F1D9A22290788200DEBDF7 /* LaunchScreen.storyboard in Resources */,
				32F1D9C62290799200DEBDF7 /* top100albums.json in Resources */,
				32F1D9F622909F9800DEBDF7 /* AlbumTableViewCell.xib in Resources */,
				32F1D99F2290788200DEBDF7 /* Assets.xcassets in Resources */,
			);
			runOnlyForDeploymentPostprocessing = 0;
		};
		32F1D9A62290788200DEBDF7 /* Resources */ = {
			isa = PBXResourcesBuildPhase;
			buildActionMask = 2147483647;
			files = (
				32F1D9C72290799200DEBDF7 /* top100albums.json in Resources */,
				32F1D9E9229095E800DEBDF7 /* AlbumListStoryboard.storyboard in Resources */,
			);
			runOnlyForDeploymentPostprocessing = 0;
		};
		32F1D9B12290788200DEBDF7 /* Resources */ = {
			isa = PBXResourcesBuildPhase;
			buildActionMask = 2147483647;
			files = (
			);
			runOnlyForDeploymentPostprocessing = 0;
		};
/* End PBXResourcesBuildPhase section */

/* Begin PBXSourcesBuildPhase section */
		32F1D9902290788100DEBDF7 /* Sources */ = {
			isa = PBXSourcesBuildPhase;
			buildActionMask = 2147483647;
			files = (
				32F1D9CD22907BA200DEBDF7 /* Album.swift in Sources */,
				32F1D9CB22907BA200DEBDF7 /* Genre.swift in Sources */,
				32F1D9DB2290828000DEBDF7 /* Link.swift in Sources */,
				32F1D9DD2290828000DEBDF7 /* Feed.swift in Sources */,
				32F1D9982290788100DEBDF7 /* AppDelegate.swift in Sources */,
				32F1D9F522909F9800DEBDF7 /* AlbumTableViewCell.swift in Sources */,
				32F1D9F222909B0D00DEBDF7 /* AlbumsViewModel.swift in Sources */,
				32F1D9E42290950D00DEBDF7 /* UIStoryboard+Extension.swift in Sources */,
				32F1D9EF229096EF00DEBDF7 /* AlbumListTableViewController.swift in Sources */,
				32F1D9D92290828000DEBDF7 /* Author.swift in Sources */,
			);
			runOnlyForDeploymentPostprocessing = 0;
		};
		32F1D9A42290788200DEBDF7 /* Sources */ = {
			isa = PBXSourcesBuildPhase;
			buildActionMask = 2147483647;
			files = (
				32F1D9D3229081C900DEBDF7 /* Genre.swift in Sources */,
				32F1D9AD2290788200DEBDF7 /* TopAlbumsTests.swift in Sources */,
				32F1D9DA2290828000DEBDF7 /* Author.swift in Sources */,
				32F1D9D0229081C400DEBDF7 /* Album.swift in Sources */,
				32F1D9DE2290828000DEBDF7 /* Feed.swift in Sources */,
				32F1D9DC2290828000DEBDF7 /* Link.swift in Sources */,
				32F1D9F0229096EF00DEBDF7 /* AlbumListTableViewController.swift in Sources */,
				32F1D9E52290950D00DEBDF7 /* UIStoryboard+Extension.swift in Sources */,
			);
			runOnlyForDeploymentPostprocessing = 0;
		};
		32F1D9AF2290788200DEBDF7 /* Sources */ = {
			isa = PBXSourcesBuildPhase;
			buildActionMask = 2147483647;
			files = (
				32F1D9D2229081C700DEBDF7 /* Genre.swift in Sources */,
				32F1D9B82290788200DEBDF7 /* TopAlbumsUITests.swift in Sources */,
				32F1D9D1229081C500DEBDF7 /* Album.swift in Sources */,
			);
			runOnlyForDeploymentPostprocessing = 0;
		};
/* End PBXSourcesBuildPhase section */

/* Begin PBXTargetDependency section */
		32F1D9AA2290788200DEBDF7 /* PBXTargetDependency */ = {
			isa = PBXTargetDependency;
			target = 32F1D9932290788100DEBDF7 /* TopAlbums */;
			targetProxy = 32F1D9A92290788200DEBDF7 /* PBXContainerItemProxy */;
		};
		32F1D9B52290788200DEBDF7 /* PBXTargetDependency */ = {
			isa = PBXTargetDependency;
			target = 32F1D9932290788100DEBDF7 /* TopAlbums */;
			targetProxy = 32F1D9B42290788200DEBDF7 /* PBXContainerItemProxy */;
		};
/* End PBXTargetDependency section */

/* Begin PBXVariantGroup section */
		32F1D9A02290788200DEBDF7 /* LaunchScreen.storyboard */ = {
			isa = PBXVariantGroup;
			children = (
				32F1D9A12290788200DEBDF7 /* Base */,
			);
			name = LaunchScreen.storyboard;
			sourceTree = "<group>";
		};
		32F1D9E6229095E800DEBDF7 /* AlbumListStoryboard.storyboard */ = {
			isa = PBXVariantGroup;
			children = (
				32F1D9E7229095E800DEBDF7 /* Base */,
			);
			name = AlbumListStoryboard.storyboard;
			sourceTree = "<group>";
		};
/* End PBXVariantGroup section */

/* Begin XCBuildConfiguration section */
		32F1D9BA2290788200DEBDF7 /* Debug */ = {
			isa = XCBuildConfiguration;
			buildSettings = {
				ALWAYS_SEARCH_USER_PATHS = NO;
				CLANG_ANALYZER_NONNULL = YES;
				CLANG_ANALYZER_NUMBER_OBJECT_CONVERSION = YES_AGGRESSIVE;
				CLANG_CXX_LANGUAGE_STANDARD = "gnu++14";
				CLANG_CXX_LIBRARY = "libc++";
				CLANG_ENABLE_MODULES = YES;
				CLANG_ENABLE_OBJC_ARC = YES;
				CLANG_ENABLE_OBJC_WEAK = YES;
				CLANG_WARN_BLOCK_CAPTURE_AUTORELEASING = YES;
				CLANG_WARN_BOOL_CONVERSION = YES;
				CLANG_WARN_COMMA = YES;
				CLANG_WARN_CONSTANT_CONVERSION = YES;
				CLANG_WARN_DEPRECATED_OBJC_IMPLEMENTATIONS = YES;
				CLANG_WARN_DIRECT_OBJC_ISA_USAGE = YES_ERROR;
				CLANG_WARN_DOCUMENTATION_COMMENTS = YES;
				CLANG_WARN_EMPTY_BODY = YES;
				CLANG_WARN_ENUM_CONVERSION = YES;
				CLANG_WARN_INFINITE_RECURSION = YES;
				CLANG_WARN_INT_CONVERSION = YES;
				CLANG_WARN_NON_LITERAL_NULL_CONVERSION = YES;
				CLANG_WARN_OBJC_IMPLICIT_RETAIN_SELF = YES;
				CLANG_WARN_OBJC_LITERAL_CONVERSION = YES;
				CLANG_WARN_OBJC_ROOT_CLASS = YES_ERROR;
				CLANG_WARN_RANGE_LOOP_ANALYSIS = YES;
				CLANG_WARN_STRICT_PROTOTYPES = YES;
				CLANG_WARN_SUSPICIOUS_MOVE = YES;
				CLANG_WARN_UNGUARDED_AVAILABILITY = YES_AGGRESSIVE;
				CLANG_WARN_UNREACHABLE_CODE = YES;
				CLANG_WARN__DUPLICATE_METHOD_MATCH = YES;
				CODE_SIGN_IDENTITY = "iPhone Developer";
				COPY_PHASE_STRIP = NO;
				DEBUG_INFORMATION_FORMAT = dwarf;
				ENABLE_STRICT_OBJC_MSGSEND = YES;
				ENABLE_TESTABILITY = YES;
				GCC_C_LANGUAGE_STANDARD = gnu11;
				GCC_DYNAMIC_NO_PIC = NO;
				GCC_NO_COMMON_BLOCKS = YES;
				GCC_OPTIMIZATION_LEVEL = 0;
				GCC_PREPROCESSOR_DEFINITIONS = (
					"DEBUG=1",
					"$(inherited)",
				);
				GCC_WARN_64_TO_32_BIT_CONVERSION = YES;
				GCC_WARN_ABOUT_RETURN_TYPE = YES_ERROR;
				GCC_WARN_UNDECLARED_SELECTOR = YES;
				GCC_WARN_UNINITIALIZED_AUTOS = YES_AGGRESSIVE;
				GCC_WARN_UNUSED_FUNCTION = YES;
				GCC_WARN_UNUSED_VARIABLE = YES;
				IPHONEOS_DEPLOYMENT_TARGET = 12.2;
				MTL_ENABLE_DEBUG_INFO = INCLUDE_SOURCE;
				MTL_FAST_MATH = YES;
				ONLY_ACTIVE_ARCH = YES;
				SDKROOT = iphoneos;
				SWIFT_ACTIVE_COMPILATION_CONDITIONS = DEBUG;
				SWIFT_OPTIMIZATION_LEVEL = "-Onone";
			};
			name = Debug;
		};
		32F1D9BB2290788200DEBDF7 /* Release */ = {
			isa = XCBuildConfiguration;
			buildSettings = {
				ALWAYS_SEARCH_USER_PATHS = NO;
				CLANG_ANALYZER_NONNULL = YES;
				CLANG_ANALYZER_NUMBER_OBJECT_CONVERSION = YES_AGGRESSIVE;
				CLANG_CXX_LANGUAGE_STANDARD = "gnu++14";
				CLANG_CXX_LIBRARY = "libc++";
				CLANG_ENABLE_MODULES = YES;
				CLANG_ENABLE_OBJC_ARC = YES;
				CLANG_ENABLE_OBJC_WEAK = YES;
				CLANG_WARN_BLOCK_CAPTURE_AUTORELEASING = YES;
				CLANG_WARN_BOOL_CONVERSION = YES;
				CLANG_WARN_COMMA = YES;
				CLANG_WARN_CONSTANT_CONVERSION = YES;
				CLANG_WARN_DEPRECATED_OBJC_IMPLEMENTATIONS = YES;
				CLANG_WARN_DIRECT_OBJC_ISA_USAGE = YES_ERROR;
				CLANG_WARN_DOCUMENTATION_COMMENTS = YES;
				CLANG_WARN_EMPTY_BODY = YES;
				CLANG_WARN_ENUM_CONVERSION = YES;
				CLANG_WARN_INFINITE_RECURSION = YES;
				CLANG_WARN_INT_CONVERSION = YES;
				CLANG_WARN_NON_LITERAL_NULL_CONVERSION = YES;
				CLANG_WARN_OBJC_IMPLICIT_RETAIN_SELF = YES;
				CLANG_WARN_OBJC_LITERAL_CONVERSION = YES;
				CLANG_WARN_OBJC_ROOT_CLASS = YES_ERROR;
				CLANG_WARN_RANGE_LOOP_ANALYSIS = YES;
				CLANG_WARN_STRICT_PROTOTYPES = YES;
				CLANG_WARN_SUSPICIOUS_MOVE = YES;
				CLANG_WARN_UNGUARDED_AVAILABILITY = YES_AGGRESSIVE;
				CLANG_WARN_UNREACHABLE_CODE = YES;
				CLANG_WARN__DUPLICATE_METHOD_MATCH = YES;
				CODE_SIGN_IDENTITY = "iPhone Developer";
				COPY_PHASE_STRIP = NO;
				DEBUG_INFORMATION_FORMAT = "dwarf-with-dsym";
				ENABLE_NS_ASSERTIONS = NO;
				ENABLE_STRICT_OBJC_MSGSEND = YES;
				GCC_C_LANGUAGE_STANDARD = gnu11;
				GCC_NO_COMMON_BLOCKS = YES;
				GCC_WARN_64_TO_32_BIT_CONVERSION = YES;
				GCC_WARN_ABOUT_RETURN_TYPE = YES_ERROR;
				GCC_WARN_UNDECLARED_SELECTOR = YES;
				GCC_WARN_UNINITIALIZED_AUTOS = YES_AGGRESSIVE;
				GCC_WARN_UNUSED_FUNCTION = YES;
				GCC_WARN_UNUSED_VARIABLE = YES;
				IPHONEOS_DEPLOYMENT_TARGET = 12.2;
				MTL_ENABLE_DEBUG_INFO = NO;
				MTL_FAST_MATH = YES;
				SDKROOT = iphoneos;
				SWIFT_COMPILATION_MODE = wholemodule;
				SWIFT_OPTIMIZATION_LEVEL = "-O";
				VALIDATE_PRODUCT = YES;
			};
			name = Release;
		};
		32F1D9BD2290788200DEBDF7 /* Debug */ = {
			isa = XCBuildConfiguration;
			buildSettings = {
				ASSETCATALOG_COMPILER_APPICON_NAME = AppIcon;
				CODE_SIGN_STYLE = Automatic;
				DEVELOPMENT_TEAM = ATNSXLXD5N;
				INFOPLIST_FILE = TopAlbums/Info.plist;
				LD_RUNPATH_SEARCH_PATHS = (
					"$(inherited)",
					"@executable_path/Frameworks",
				);
				PRODUCT_BUNDLE_IDENTIFIER = com.ryanmoniz.TopAlbums;
				PRODUCT_NAME = "$(TARGET_NAME)";
				SWIFT_VERSION = 5.0;
				TARGETED_DEVICE_FAMILY = "1,2";
			};
			name = Debug;
		};
		32F1D9BE2290788200DEBDF7 /* Release */ = {
			isa = XCBuildConfiguration;
			buildSettings = {
				ASSETCATALOG_COMPILER_APPICON_NAME = AppIcon;
				CODE_SIGN_STYLE = Automatic;
				DEVELOPMENT_TEAM = ATNSXLXD5N;
				INFOPLIST_FILE = TopAlbums/Info.plist;
				LD_RUNPATH_SEARCH_PATHS = (
					"$(inherited)",
					"@executable_path/Frameworks",
				);
				PRODUCT_BUNDLE_IDENTIFIER = com.ryanmoniz.TopAlbums;
				PRODUCT_NAME = "$(TARGET_NAME)";
				SWIFT_VERSION = 5.0;
				TARGETED_DEVICE_FAMILY = "1,2";
			};
			name = Release;
		};
		32F1D9C02290788200DEBDF7 /* Debug */ = {
			isa = XCBuildConfiguration;
			buildSettings = {
				ALWAYS_EMBED_SWIFT_STANDARD_LIBRARIES = YES;
				BUNDLE_LOADER = "$(TEST_HOST)";
				CODE_SIGN_STYLE = Automatic;
				DEVELOPMENT_TEAM = ATNSXLXD5N;
				INFOPLIST_FILE = TopAlbumsTests/Info.plist;
				LD_RUNPATH_SEARCH_PATHS = (
					"$(inherited)",
					"@executable_path/Frameworks",
					"@loader_path/Frameworks",
				);
				PRODUCT_BUNDLE_IDENTIFIER = com.ryanmoniz.TopAlbumsTests;
				PRODUCT_NAME = "$(TARGET_NAME)";
				SWIFT_VERSION = 5.0;
				TARGETED_DEVICE_FAMILY = "1,2";
				TEST_HOST = "$(BUILT_PRODUCTS_DIR)/TopAlbums.app/TopAlbums";
			};
			name = Debug;
		};
		32F1D9C12290788200DEBDF7 /* Release */ = {
			isa = XCBuildConfiguration;
			buildSettings = {
				ALWAYS_EMBED_SWIFT_STANDARD_LIBRARIES = YES;
				BUNDLE_LOADER = "$(TEST_HOST)";
				CODE_SIGN_STYLE = Automatic;
				DEVELOPMENT_TEAM = ATNSXLXD5N;
				INFOPLIST_FILE = TopAlbumsTests/Info.plist;
				LD_RUNPATH_SEARCH_PATHS = (
					"$(inherited)",
					"@executable_path/Frameworks",
					"@loader_path/Frameworks",
				);
				PRODUCT_BUNDLE_IDENTIFIER = com.ryanmoniz.TopAlbumsTests;
				PRODUCT_NAME = "$(TARGET_NAME)";
				SWIFT_VERSION = 5.0;
				TARGETED_DEVICE_FAMILY = "1,2";
				TEST_HOST = "$(BUILT_PRODUCTS_DIR)/TopAlbums.app/TopAlbums";
			};
			name = Release;
		};
		32F1D9C32290788200DEBDF7 /* Debug */ = {
			isa = XCBuildConfiguration;
			buildSettings = {
				ALWAYS_EMBED_SWIFT_STANDARD_LIBRARIES = YES;
				CODE_SIGN_STYLE = Automatic;
				DEVELOPMENT_TEAM = ATNSXLXD5N;
				INFOPLIST_FILE = TopAlbumsUITests/Info.plist;
				LD_RUNPATH_SEARCH_PATHS = (
					"$(inherited)",
					"@executable_path/Frameworks",
					"@loader_path/Frameworks",
				);
				PRODUCT_BUNDLE_IDENTIFIER = com.ryanmoniz.TopAlbumsUITests;
				PRODUCT_NAME = "$(TARGET_NAME)";
				SWIFT_VERSION = 5.0;
				TARGETED_DEVICE_FAMILY = "1,2";
				TEST_TARGET_NAME = TopAlbums;
			};
			name = Debug;
		};
		32F1D9C42290788200DEBDF7 /* Release */ = {
			isa = XCBuildConfiguration;
			buildSettings = {
				ALWAYS_EMBED_SWIFT_STANDARD_LIBRARIES = YES;
				CODE_SIGN_STYLE = Automatic;
				DEVELOPMENT_TEAM = ATNSXLXD5N;
				INFOPLIST_FILE = TopAlbumsUITests/Info.plist;
				LD_RUNPATH_SEARCH_PATHS = (
					"$(inherited)",
					"@executable_path/Frameworks",
					"@loader_path/Frameworks",
				);
				PRODUCT_BUNDLE_IDENTIFIER = com.ryanmoniz.TopAlbumsUITests;
				PRODUCT_NAME = "$(TARGET_NAME)";
				SWIFT_VERSION = 5.0;
				TARGETED_DEVICE_FAMILY = "1,2";
				TEST_TARGET_NAME = TopAlbums;
			};
			name = Release;
		};
/* End XCBuildConfiguration section */

/* Begin XCConfigurationList section */
		32F1D98F2290788100DEBDF7 /* Build configuration list for PBXProject "TopAlbums" */ = {
			isa = XCConfigurationList;
			buildConfigurations = (
				32F1D9BA2290788200DEBDF7 /* Debug */,
				32F1D9BB2290788200DEBDF7 /* Release */,
			);
			defaultConfigurationIsVisible = 0;
			defaultConfigurationName = Release;
		};
		32F1D9BC2290788200DEBDF7 /* Build configuration list for PBXNativeTarget "TopAlbums" */ = {
			isa = XCConfigurationList;
			buildConfigurations = (
				32F1D9BD2290788200DEBDF7 /* Debug */,
				32F1D9BE2290788200DEBDF7 /* Release */,
			);
			defaultConfigurationIsVisible = 0;
			defaultConfigurationName = Release;
		};
		32F1D9BF2290788200DEBDF7 /* Build configuration list for PBXNativeTarget "TopAlbumsTests" */ = {
			isa = XCConfigurationList;
			buildConfigurations = (
				32F1D9C02290788200DEBDF7 /* Debug */,
				32F1D9C12290788200DEBDF7 /* Release */,
			);
			defaultConfigurationIsVisible = 0;
			defaultConfigurationName = Release;
		};
		32F1D9C22290788200DEBDF7 /* Build configuration list for PBXNativeTarget "TopAlbumsUITests" */ = {
			isa = XCConfigurationList;
			buildConfigurations = (
				32F1D9C32290788200DEBDF7 /* Debug */,
				32F1D9C42290788200DEBDF7 /* Release */,
			);
			defaultConfigurationIsVisible = 0;
			defaultConfigurationName = Release;
		};
/* End XCConfigurationList section */
	};
	rootObject = 32F1D98C2290788100DEBDF7 /* Project object */;
}
